
Microsoft Visual Studio Solution File, Format Version 12.00
# Visual Studio Version 17
VisualStudioVersion = 17.14.36717.8
MinimumVisualStudioVersion = 10.0.40219.1
Project("{2150E333-8FDC-42A3-9474-1A3956D46DE8}") = "Week 1", "Week 1", "{10A566DF-2C11-8211-AD03-C47967CBE17B}"
EndProject
Project("{2150E333-8FDC-42A3-9474-1A3956D46DE8}") = "Week 2", "Week 2", "{DF7F1264-95FC-D999-647A-A6643D0A2A03}"
EndProject
Project("{FAE04EC0-301F-11D3-BF4B-00C04F79EFBC}") = "Week1App", "Week1App\Week1App.csproj", "{DBFC65EC-D583-45DA-B70B-B2BC7B2AFAAA}"
EndProject
Project("{FAE04EC0-301F-11D3-BF4B-00C04F79EFBC}") = "Week2App", "Week2App\Week2App.csproj", "{35EFCF50-BBEC-1C35-F078-832227814E55}"
EndProject
Project("{2150E333-8FDC-42A3-9474-1A3956D46DE8}") = "For teaching", "For teaching", "{4065130C-D883-E3CC-A70B-1F0AD67BBAED}"
EndProject
Project("{2150E333-8FDC-42A3-9474-1A3956D46DE8}") = "Solution Items", "Solution Items", "{089100B1-113F-4E66-888A-E83F3999EAFD}"
	ProjectSection(SolutionItems) = preProject
		readme.md = readme.md
	EndProjectSection
EndProject
Project("{FAE04EC0-301F-11D3-BF4B-00C04F79EFBC}") = "WorkingWithArrays1", "WorkingWithArrays1\WorkingWithArrays1.csproj", "{F16DFB90-B80A-7612-B8BA-D2AE721ACC1E}"
EndProject
Project("{FAE04EC0-301F-11D3-BF4B-00C04F79EFBC}") = "WorkingWithArrays", "WorkingWithArrays\WorkingWithArrays.csproj", "{F2218F68-3792-49BD-AC6A-4E3D3E685481}"
EndProject
Project("{FAE04EC0-301F-11D3-BF4B-00C04F79EFBC}") = "KP_TrainingConsole", "KP_TrainingConsole\KP_TrainingConsole.csproj", "{242B500F-D8F2-4E79-B91F-754239064117}"
EndProject
Project("{FAE04EC0-301F-11D3-BF4B-00C04F79EFBC}") = "AssertionApp", "AssertionApp\AssertionApp.csproj", "{FE9A83EC-EAAF-4A7D-9959-99E16E82D485}"
EndProject
Project("{FAE04EC0-301F-11D3-BF4B-00C04F79EFBC}") = "TDD", "TDD\TDD.csproj", "{414B4454-5CFA-4ABA-B3EB-9ABA7896B9F6}"
EndProject
Project("{FAE04EC0-301F-11D3-BF4B-00C04F79EFBC}") = "TestClassLibrary", "TestClassLibrary\TestClassLibrary.csproj", "{C4A61099-DD50-48D6-836B-03D49BED25D8}"
EndProject
Project("{2150E333-8FDC-42A3-9474-1A3956D46DE8}") = "Week 3", "Week 3", "{EC6402E4-1DDF-0A4E-2395-C9F76B3CC6C4}"
EndProject
Project("{FAE04EC0-301F-11D3-BF4B-00C04F79EFBC}") = "Week3App", "Week3App\Week3App.csproj", "{EAB31A0D-D1B8-44A4-89AF-00029BE09EB9}"
EndProject
Project("{2150E333-8FDC-42A3-9474-1A3956D46DE8}") = "Templates", "Templates", "{FE4A3B38-0762-C723-6B79-5866C2129349}"
EndProject
Project("{FAE04EC0-301F-11D3-BF4B-00C04F79EFBC}") = "OED_Console2026", "OED_Console2026\OED_Console2026.csproj", "{B4FE755B-F165-450C-BF8A-9B9B0AAE0397}"
EndProject
Project("{FAE04EC0-301F-11D3-BF4B-00C04F79EFBC}") = "IComparerIEqualityComparerApp", "IComparerIEqualityComparerApp\IComparerIEqualityComparerApp.csproj", "{4C950A21-9C72-F261-8A3B-ABFC6BB7E9FB}"
EndProject
Project("{2150E333-8FDC-42A3-9474-1A3956D46DE8}") = "Week 4", "Week 4", "{BE509FCE-B7F3-1404-9CD0-45B527C2945D}"
EndProject
Project("{FAE04EC0-301F-11D3-BF4B-00C04F79EFBC}") = "ProductsAndValidation", "ProductsAndValidation\ProductsAndValidation.csproj", "{A92662ED-D5E0-440D-A262-4CB291ED124A}"
EndProject
Project("{2150E333-8FDC-42A3-9474-1A3956D46DE8}") = "Questions", "Questions", "{AB2685FA-FE15-6072-975D-5229BCA5A58F}"
EndProject
Project("{FAE04EC0-301F-11D3-BF4B-00C04F79EFBC}") = "OED_ConsoleBaseProject", "OED_ConsoleBaseProject\OED_ConsoleBaseProject.csproj", "{FD372D41-F62D-42D2-BC95-8C53562D4EFC}"
EndProject
Project("{FAE04EC0-301F-11D3-BF4B-00C04F79EFBC}") = "ConsoleApp1", "ConsoleApp1\ConsoleApp1.csproj", "{3B546EFD-87A2-435E-BBB6-DDFE123BC134}"
EndProject
Project("{FAE04EC0-301F-11D3-BF4B-00C04F79EFBC}") = "IncludeRuleSetsApp", "IncludeRuleSetsApp\IncludeRuleSetsApp.csproj", "{2525CE11-12E8-EC5B-9165-AECBBD3C89B3}"
EndProject
Project("{2150E333-8FDC-42A3-9474-1A3956D46DE8}") = "Week 5", "Week 5", "{A237CF3C-47D9-F5B2-5D44-543501CBF7B6}"
EndProject
Project("{FAE04EC0-301F-11D3-BF4B-00C04F79EFBC}") = "DigitSeparatorApp", "DigitSeparatorApp\DigitSeparatorApp.csproj", "{7FB5AFE9-F42A-45D9-A7AF-B80024B749D5}"
EndProject
Global
	GlobalSection(SolutionConfigurationPlatforms) = preSolution
		Debug|Any CPU = Debug|Any CPU
		Release|Any CPU = Release|Any CPU
	EndGlobalSection
	GlobalSection(ProjectConfigurationPlatforms) = postSolution
		{DBFC65EC-D583-45DA-B70B-B2BC7B2AFAAA}.Debug|Any CPU.ActiveCfg = Debug|Any CPU
		{DBFC65EC-D583-45DA-B70B-B2BC7B2AFAAA}.Debug|Any CPU.Build.0 = Debug|Any CPU
		{DBFC65EC-D583-45DA-B70B-B2BC7B2AFAAA}.Release|Any CPU.ActiveCfg = Release|Any CPU
		{DBFC65EC-D583-45DA-B70B-B2BC7B2AFAAA}.Release|Any CPU.Build.0 = Release|Any CPU
		{35EFCF50-BBEC-1C35-F078-832227814E55}.Debug|Any CPU.ActiveCfg = Debug|Any CPU
		{35EFCF50-BBEC-1C35-F078-832227814E55}.Debug|Any CPU.Build.0 = Debug|Any CPU
		{35EFCF50-BBEC-1C35-F078-832227814E55}.Release|Any CPU.ActiveCfg = Release|Any CPU
		{35EFCF50-BBEC-1C35-F078-832227814E55}.Release|Any CPU.Build.0 = Release|Any CPU
		{F16DFB90-B80A-7612-B8BA-D2AE721ACC1E}.Debug|Any CPU.ActiveCfg = Debug|Any CPU
		{F16DFB90-B80A-7612-B8BA-D2AE721ACC1E}.Debug|Any CPU.Build.0 = Debug|Any CPU
		{F16DFB90-B80A-7612-B8BA-D2AE721ACC1E}.Release|Any CPU.ActiveCfg = Release|Any CPU
		{F16DFB90-B80A-7612-B8BA-D2AE721ACC1E}.Release|Any CPU.Build.0 = Release|Any CPU
		{F2218F68-3792-49BD-AC6A-4E3D3E685481}.Debug|Any CPU.ActiveCfg = Debug|Any CPU
		{F2218F68-3792-49BD-AC6A-4E3D3E685481}.Debug|Any CPU.Build.0 = Debug|Any CPU
		{F2218F68-3792-49BD-AC6A-4E3D3E685481}.Release|Any CPU.ActiveCfg = Release|Any CPU
		{F2218F68-3792-49BD-AC6A-4E3D3E685481}.Release|Any CPU.Build.0 = Release|Any CPU
		{242B500F-D8F2-4E79-B91F-754239064117}.Debug|Any CPU.ActiveCfg = Debug|Any CPU
		{242B500F-D8F2-4E79-B91F-754239064117}.Debug|Any CPU.Build.0 = Debug|Any CPU
		{242B500F-D8F2-4E79-B91F-754239064117}.Release|Any CPU.ActiveCfg = Release|Any CPU
		{242B500F-D8F2-4E79-B91F-754239064117}.Release|Any CPU.Build.0 = Release|Any CPU
		{FE9A83EC-EAAF-4A7D-9959-99E16E82D485}.Debug|Any CPU.ActiveCfg = Debug|Any CPU
		{FE9A83EC-EAAF-4A7D-9959-99E16E82D485}.Debug|Any CPU.Build.0 = Debug|Any CPU
		{FE9A83EC-EAAF-4A7D-9959-99E16E82D485}.Release|Any CPU.ActiveCfg = Release|Any CPU
		{FE9A83EC-EAAF-4A7D-9959-99E16E82D485}.Release|Any CPU.Build.0 = Release|Any CPU
		{414B4454-5CFA-4ABA-B3EB-9ABA7896B9F6}.Debug|Any CPU.ActiveCfg = Debug|Any CPU
		{414B4454-5CFA-4ABA-B3EB-9ABA7896B9F6}.Debug|Any CPU.Build.0 = Debug|Any CPU
		{414B4454-5CFA-4ABA-B3EB-9ABA7896B9F6}.Release|Any CPU.ActiveCfg = Release|Any CPU
		{414B4454-5CFA-4ABA-B3EB-9ABA7896B9F6}.Release|Any CPU.Build.0 = Release|Any CPU
		{C4A61099-DD50-48D6-836B-03D49BED25D8}.Debug|Any CPU.ActiveCfg = Debug|Any CPU
		{C4A61099-DD50-48D6-836B-03D49BED25D8}.Debug|Any CPU.Build.0 = Debug|Any CPU
		{C4A61099-DD50-48D6-836B-03D49BED25D8}.Release|Any CPU.ActiveCfg = Release|Any CPU
		{C4A61099-DD50-48D6-836B-03D49BED25D8}.Release|Any CPU.Build.0 = Release|Any CPU
		{EAB31A0D-D1B8-44A4-89AF-00029BE09EB9}.Debug|Any CPU.ActiveCfg = Debug|Any CPU
		{EAB31A0D-D1B8-44A4-89AF-00029BE09EB9}.Debug|Any CPU.Build.0 = Debug|Any CPU
		{EAB31A0D-D1B8-44A4-89AF-00029BE09EB9}.Release|Any CPU.ActiveCfg = Release|Any CPU
		{EAB31A0D-D1B8-44A4-89AF-00029BE09EB9}.Release|Any CPU.Build.0 = Release|Any CPU
		{B4FE755B-F165-450C-BF8A-9B9B0AAE0397}.Debug|Any CPU.ActiveCfg = Debug|Any CPU
		{B4FE755B-F165-450C-BF8A-9B9B0AAE0397}.Debug|Any CPU.Build.0 = Debug|Any CPU
		{B4FE755B-F165-450C-BF8A-9B9B0AAE0397}.Release|Any CPU.ActiveCfg = Release|Any CPU
		{B4FE755B-F165-450C-BF8A-9B9B0AAE0397}.Release|Any CPU.Build.0 = Release|Any CPU
		{4C950A21-9C72-F261-8A3B-ABFC6BB7E9FB}.Debug|Any CPU.ActiveCfg = Debug|Any CPU
		{4C950A21-9C72-F261-8A3B-ABFC6BB7E9FB}.Debug|Any CPU.Build.0 = Debug|Any CPU
		{4C950A21-9C72-F261-8A3B-ABFC6BB7E9FB}.Release|Any CPU.ActiveCfg = Release|Any CPU
		{4C950A21-9C72-F261-8A3B-ABFC6BB7E9FB}.Release|Any CPU.Build.0 = Release|Any CPU
		{A92662ED-D5E0-440D-A262-4CB291ED124A}.Debug|Any CPU.ActiveCfg = Debug|Any CPU
		{A92662ED-D5E0-440D-A262-4CB291ED124A}.Debug|Any CPU.Build.0 = Debug|Any CPU
		{A92662ED-D5E0-440D-A262-4CB291ED124A}.Release|Any CPU.ActiveCfg = Release|Any CPU
		{A92662ED-D5E0-440D-A262-4CB291ED124A}.Release|Any CPU.Build.0 = Release|Any CPU
		{FD372D41-F62D-42D2-BC95-8C53562D4EFC}.Debug|Any CPU.ActiveCfg = Debug|Any CPU
		{FD372D41-F62D-42D2-BC95-8C53562D4EFC}.Debug|Any CPU.Build.0 = Debug|Any CPU
		{FD372D41-F62D-42D2-BC95-8C53562D4EFC}.Release|Any CPU.ActiveCfg = Release|Any CPU
		{FD372D41-F62D-42D2-BC95-8C53562D4EFC}.Release|Any CPU.Build.0 = Release|Any CPU
		{3B546EFD-87A2-435E-BBB6-DDFE123BC134}.Debug|Any CPU.ActiveCfg = Debug|Any CPU
		{3B546EFD-87A2-435E-BBB6-DDFE123BC134}.Debug|Any CPU.Build.0 = Debug|Any CPU
		{3B546EFD-87A2-435E-BBB6-DDFE123BC134}.Release|Any CPU.ActiveCfg = Release|Any CPU
		{3B546EFD-87A2-435E-BBB6-DDFE123BC134}.Release|Any CPU.Build.0 = Release|Any CPU
		{2525CE11-12E8-EC5B-9165-AECBBD3C89B3}.Debug|Any CPU.ActiveCfg = Debug|Any CPU
		{2525CE11-12E8-EC5B-9165-AECBBD3C89B3}.Debug|Any CPU.Build.0 = Debug|Any CPU
		{2525CE11-12E8-EC5B-9165-AECBBD3C89B3}.Release|Any CPU.ActiveCfg = Release|Any CPU
		{2525CE11-12E8-EC5B-9165-AECBBD3C89B3}.Release|Any CPU.Build.0 = Release|Any CPU
		{7FB5AFE9-F42A-45D9-A7AF-B80024B749D5}.Debug|Any CPU.ActiveCfg = Debug|Any CPU
		{7FB5AFE9-F42A-45D9-A7AF-B80024B749D5}.Debug|Any CPU.Build.0 = Debug|Any CPU
		{7FB5AFE9-F42A-45D9-A7AF-B80024B749D5}.Release|Any CPU.ActiveCfg = Release|Any CPU
		{7FB5AFE9-F42A-45D9-A7AF-B80024B749D5}.Release|Any CPU.Build.0 = Release|Any CPU
	EndGlobalSection
	GlobalSection(SolutionProperties) = preSolution
		HideSolutionNode = FALSE
	EndGlobalSection
	GlobalSection(NestedProjects) = preSolution
		{DBFC65EC-D583-45DA-B70B-B2BC7B2AFAAA} = {10A566DF-2C11-8211-AD03-C47967CBE17B}
		{35EFCF50-BBEC-1C35-F078-832227814E55} = {DF7F1264-95FC-D999-647A-A6643D0A2A03}
		{F16DFB90-B80A-7612-B8BA-D2AE721ACC1E} = {4065130C-D883-E3CC-A70B-1F0AD67BBAED}
		{F2218F68-3792-49BD-AC6A-4E3D3E685481} = {10A566DF-2C11-8211-AD03-C47967CBE17B}
		{242B500F-D8F2-4E79-B91F-754239064117} = {4065130C-D883-E3CC-A70B-1F0AD67BBAED}
		{FE9A83EC-EAAF-4A7D-9959-99E16E82D485} = {10A566DF-2C11-8211-AD03-C47967CBE17B}
		{414B4454-5CFA-4ABA-B3EB-9ABA7896B9F6} = {10A566DF-2C11-8211-AD03-C47967CBE17B}
		{C4A61099-DD50-48D6-836B-03D49BED25D8} = {4065130C-D883-E3CC-A70B-1F0AD67BBAED}
		{EAB31A0D-D1B8-44A4-89AF-00029BE09EB9} = {EC6402E4-1DDF-0A4E-2395-C9F76B3CC6C4}
		{FE4A3B38-0762-C723-6B79-5866C2129349} = {4065130C-D883-E3CC-A70B-1F0AD67BBAED}
		{B4FE755B-F165-450C-BF8A-9B9B0AAE0397} = {FE4A3B38-0762-C723-6B79-5866C2129349}
		{4C950A21-9C72-F261-8A3B-ABFC6BB7E9FB} = {BE509FCE-B7F3-1404-9CD0-45B527C2945D}
		{A92662ED-D5E0-440D-A262-4CB291ED124A} = {4065130C-D883-E3CC-A70B-1F0AD67BBAED}
		{FD372D41-F62D-42D2-BC95-8C53562D4EFC} = {AB2685FA-FE15-6072-975D-5229BCA5A58F}
		{3B546EFD-87A2-435E-BBB6-DDFE123BC134} = {AB2685FA-FE15-6072-975D-5229BCA5A58F}
		{2525CE11-12E8-EC5B-9165-AECBBD3C89B3} = {A237CF3C-47D9-F5B2-5D44-543501CBF7B6}
		{7FB5AFE9-F42A-45D9-A7AF-B80024B749D5} = {A237CF3C-47D9-F5B2-5D44-543501CBF7B6}
	EndGlobalSection
	GlobalSection(ExtensibilityGlobals) = postSolution
		SolutionGuid = {ECC5DC37-5B52-4858-BD2C-C89B74C7CA5D}
	EndGlobalSection
EndGlobal
